
Microsoft Visual Studio Solution File, Format Version 12.00
# Visual Studio 15
VisualStudioVersion = 15.0.28010.2036
MinimumVisualStudioVersion = 10.0.40219.1
Project("{FAE04EC0-301F-11D3-BF4B-00C04F79EFBC}") = "GettingReal", "GettingReal\GettingReal.csproj", "{A186A9D1-1C1A-409D-9499-228C55F68062}"
EndProject
Project("{FAE04EC0-301F-11D3-BF4B-00C04F79EFBC}") = "ProductLib", "ProductLib\ProductLib.csproj", "{4D21E56F-5A3B-4701-8C08-D9AF1BD9F096}"
EndProject
Global
	GlobalSection(SolutionConfigurationPlatforms) = preSolution
		Debug|Any CPU = Debug|Any CPU
		Release|Any CPU = Release|Any CPU
	EndGlobalSection
	GlobalSection(ProjectConfigurationPlatforms) = postSolution
		{A186A9D1-1C1A-409D-9499-228C55F68062}.Debug|Any CPU.ActiveCfg = Debug|Any CPU
		{A186A9D1-1C1A-409D-9499-228C55F68062}.Debug|Any CPU.Build.0 = Debug|Any CPU
		{A186A9D1-1C1A-409D-9499-228C55F68062}.Release|Any CPU.ActiveCfg = Release|Any CPU
		{A186A9D1-1C1A-409D-9499-228C55F68062}.Release|Any CPU.Build.0 = Release|Any CPU
		{4D21E56F-5A3B-4701-8C08-D9AF1BD9F096}.Debug|Any CPU.ActiveCfg = Debug|Any CPU
		{4D21E56F-5A3B-4701-8C08-D9AF1BD9F096}.Debug|Any CPU.Build.0 = Debug|Any CPU
		{4D21E56F-5A3B-4701-8C08-D9AF1BD9F096}.Release|Any CPU.ActiveCfg = Release|Any CPU
		{4D21E56F-5A3B-4701-8C08-D9AF1BD9F096}.Release|Any CPU.Build.0 = Release|Any CPU
	EndGlobalSection
	GlobalSection(SolutionProperties) = preSolution
		HideSolutionNode = FALSE
	EndGlobalSection
	GlobalSection(ExtensibilityGlobals) = postSolution
		SolutionGuid = {9995AEB7-A35D-41DB-B095-52D26F644A99}
	EndGlobalSection
EndGlobal
